
Microsoft Visual Studio Solution File, Format Version 12.00
# Visual Studio 15
VisualStudioVersion = 15.0.27130.2027
MinimumVisualStudioVersion = 10.0.40219.1
Project("{FAE04EC0-301F-11D3-BF4B-00C04F79EFBC}") = "OOP_Game", "OOP_Game\OOP_Game.csproj", "{3C4BBDCC-8530-4AF9-9EDA-49854C3A3D03}"
EndProject
Global
	GlobalSection(SolutionConfigurationPlatforms) = preSolution
		Debug|Any CPU = Debug|Any CPU
		Release|Any CPU = Release|Any CPU
	EndGlobalSection
	GlobalSection(ProjectConfigurationPlatforms) = postSolution
		{3C4BBDCC-8530-4AF9-9EDA-49854C3A3D03}.Debug|Any CPU.ActiveCfg = Debug|Any CPU
		{3C4BBDCC-8530-4AF9-9EDA-49854C3A3D03}.Debug|Any CPU.Build.0 = Debug|Any CPU
		{3C4BBDCC-8530-4AF9-9EDA-49854C3A3D03}.Release|Any CPU.ActiveCfg = Release|Any CPU
		{3C4BBDCC-8530-4AF9-9EDA-49854C3A3D03}.Release|Any CPU.Build.0 = Release|Any CPU
	EndGlobalSection
	GlobalSection(SolutionProperties) = preSolution
		HideSolutionNode = FALSE
	EndGlobalSection
	GlobalSection(ExtensibilityGlobals) = postSolution
		SolutionGuid = {D6C7365A-0989-4C30-8646-85AB38E4DD45}
	EndGlobalSection
EndGlobal
